// !$*UTF8*$!
{
	archiveVersion = 1;
	classes = {
	};
	objectVersion = 50;
	objects = {

/* Begin PBXBuildFile section */
		14E7FFA024727C770033A633 /* AppDelegate.swift in Sources */ = {isa = PBXBuildFile; fileRef = 14E7FF9F24727C770033A633 /* AppDelegate.swift */; };
		14E7FFA224727C770033A633 /* ViewController.swift in Sources */ = {isa = PBXBuildFile; fileRef = 14E7FFA124727C770033A633 /* ViewController.swift */; };
		14E7FFA424727C7B0033A633 /* Assets.xcassets in Resources */ = {isa = PBXBuildFile; fileRef = 14E7FFA324727C7B0033A633 /* Assets.xcassets */; };
		14E7FFA724727C7B0033A633 /* Main.storyboard in Resources */ = {isa = PBXBuildFile; fileRef = 14E7FFA524727C7B0033A633 /* Main.storyboard */; };
		14E7FFCB2473565A0033A633 /* HIDKeyboardMap.swift in Sources */ = {isa = PBXBuildFile; fileRef = 14E7FFCA2473565A0033A633 /* HIDKeyboardMap.swift */; };
		14E7FFCD247365F70033A633 /* Logger.swift in Sources */ = {isa = PBXBuildFile; fileRef = 14E7FFCC247365F70033A633 /* Logger.swift */; };
		14E7FFCF2473674E0033A633 /* IOKit+Extensions.swift in Sources */ = {isa = PBXBuildFile; fileRef = 14E7FFCE2473674E0033A633 /* IOKit+Extensions.swift */; };
		14E7FFD1247369000033A633 /* KeyProcessing.swift in Sources */ = {isa = PBXBuildFile; fileRef = 14E7FFD0247369000033A633 /* KeyProcessing.swift */; };
		14E7FFD3247369080033A633 /* ClickProcessing.swift in Sources */ = {isa = PBXBuildFile; fileRef = 14E7FFD2247369080033A633 /* ClickProcessing.swift */; };
		14E7FFD5247398FD0033A633 /* ScreenProcessing.swift in Sources */ = {isa = PBXBuildFile; fileRef = 14E7FFD4247398FD0033A633 /* ScreenProcessing.swift */; };
		14E7FFD72473AB310033A633 /* Design.swift in Sources */ = {isa = PBXBuildFile; fileRef = 14E7FFD62473AB310033A633 /* Design.swift */; };
/* End PBXBuildFile section */

/* Begin PBXFileReference section */
		14E7FF9C24727C770033A633 /* logger.app */ = {isa = PBXFileReference; explicitFileType = wrapper.application; includeInIndex = 0; path = logger.app; sourceTree = BUILT_PRODUCTS_DIR; };
		14E7FF9F24727C770033A633 /* AppDelegate.swift */ = {isa = PBXFileReference; lastKnownFileType = sourcecode.swift; path = AppDelegate.swift; sourceTree = "<group>"; };
		14E7FFA124727C770033A633 /* ViewController.swift */ = {isa = PBXFileReference; lastKnownFileType = sourcecode.swift; path = ViewController.swift; sourceTree = "<group>"; };
		14E7FFA324727C7B0033A633 /* Assets.xcassets */ = {isa = PBXFileReference; lastKnownFileType = folder.assetcatalog; path = Assets.xcassets; sourceTree = "<group>"; };
		14E7FFA624727C7B0033A633 /* Base */ = {isa = PBXFileReference; lastKnownFileType = file.storyboard; name = Base; path = Base.lproj/Main.storyboard; sourceTree = "<group>"; };
		14E7FFA824727C7B0033A633 /* Info.plist */ = {isa = PBXFileReference; lastKnownFileType = text.plist.xml; path = Info.plist; sourceTree = "<group>"; };
		14E7FFA924727C7B0033A633 /* logger.entitlements */ = {isa = PBXFileReference; lastKnownFileType = text.plist.entitlements; path = logger.entitlements; sourceTree = "<group>"; };
		14E7FFCA2473565A0033A633 /* HIDKeyboardMap.swift */ = {isa = PBXFileReference; lastKnownFileType = sourcecode.swift; path = HIDKeyboardMap.swift; sourceTree = "<group>"; };
		14E7FFCC247365F70033A633 /* Logger.swift */ = {isa = PBXFileReference; lastKnownFileType = sourcecode.swift; path = Logger.swift; sourceTree = "<group>"; };
		14E7FFCE2473674E0033A633 /* IOKit+Extensions.swift */ = {isa = PBXFileReference; lastKnownFileType = sourcecode.swift; path = "IOKit+Extensions.swift"; sourceTree = "<group>"; };
		14E7FFD0247369000033A633 /* KeyProcessing.swift */ = {isa = PBXFileReference; lastKnownFileType = sourcecode.swift; path = KeyProcessing.swift; sourceTree = "<group>"; };
		14E7FFD2247369080033A633 /* ClickProcessing.swift */ = {isa = PBXFileReference; lastKnownFileType = sourcecode.swift; path = ClickProcessing.swift; sourceTree = "<group>"; };
		14E7FFD4247398FD0033A633 /* ScreenProcessing.swift */ = {isa = PBXFileReference; lastKnownFileType = sourcecode.swift; path = ScreenProcessing.swift; sourceTree = "<group>"; };
		14E7FFD62473AB310033A633 /* Design.swift */ = {isa = PBXFileReference; lastKnownFileType = sourcecode.swift; path = Design.swift; sourceTree = "<group>"; };
/* End PBXFileReference section */

/* Begin PBXFrameworksBuildPhase section */
		14E7FF9924727C770033A633 /* Frameworks */ = {
			isa = PBXFrameworksBuildPhase;
			buildActionMask = 2147483647;
			files = (
			);
			runOnlyForDeploymentPostprocessing = 0;
		};
/* End PBXFrameworksBuildPhase section */

/* Begin PBXGroup section */
		14E7FF9324727C770033A633 = {
			isa = PBXGroup;
			children = (
				14E7FF9E24727C770033A633 /* logger */,
				14E7FF9D24727C770033A633 /* Products */,
			);
			sourceTree = "<group>";
		};
		14E7FF9D24727C770033A633 /* Products */ = {
			isa = PBXGroup;
			children = (
				14E7FF9C24727C770033A633 /* logger.app */,
			);
			name = Products;
			sourceTree = "<group>";
		};
		14E7FF9E24727C770033A633 /* logger */ = {
			isa = PBXGroup;
			children = (
				14E7FF9F24727C770033A633 /* AppDelegate.swift */,
				14E7FFA124727C770033A633 /* ViewController.swift */,
				14E7FFCC247365F70033A633 /* Logger.swift */,
				14E7FFD62473AB310033A633 /* Design.swift */,
				14E7FFD0247369000033A633 /* KeyProcessing.swift */,
				14E7FFD2247369080033A633 /* ClickProcessing.swift */,
				14E7FFD4247398FD0033A633 /* ScreenProcessing.swift */,
				14E7FFCE2473674E0033A633 /* IOKit+Extensions.swift */,
				14E7FFCA2473565A0033A633 /* HIDKeyboardMap.swift */,
				14E7FFA324727C7B0033A633 /* Assets.xcassets */,
				14E7FFA524727C7B0033A633 /* Main.storyboard */,
				14E7FFA824727C7B0033A633 /* Info.plist */,
				14E7FFA924727C7B0033A633 /* logger.entitlements */,
			);
			path = logger;
			sourceTree = "<group>";
		};
/* End PBXGroup section */

/* Begin PBXNativeTarget section */
		14E7FF9B24727C770033A633 /* logger */ = {
			isa = PBXNativeTarget;
			buildConfigurationList = 14E7FFAC24727C7B0033A633 /* Build configuration list for PBXNativeTarget "logger" */;
			buildPhases = (
				14E7FF9824727C770033A633 /* Sources */,
				14E7FF9924727C770033A633 /* Frameworks */,
				14E7FF9A24727C770033A633 /* Resources */,
			);
			buildRules = (
			);
			dependencies = (
			);
			name = logger;
			productName = logger;
			productReference = 14E7FF9C24727C770033A633 /* logger.app */;
			productType = "com.apple.product-type.application";
		};
/* End PBXNativeTarget section */

/* Begin PBXProject section */
		14E7FF9424727C770033A633 /* Project object */ = {
			isa = PBXProject;
			attributes = {
				LastSwiftUpdateCheck = 1140;
				LastUpgradeCheck = 1140;
				ORGANIZATIONNAME = "Andrew Finke";
				TargetAttributes = {
					14E7FF9B24727C770033A633 = {
						CreatedOnToolsVersion = 11.4.1;
					};
				};
			};
			buildConfigurationList = 14E7FF9724727C770033A633 /* Build configuration list for PBXProject "logger" */;
			compatibilityVersion = "Xcode 9.3";
			developmentRegion = en;
			hasScannedForEncodings = 0;
			knownRegions = (
				en,
				Base,
			);
			mainGroup = 14E7FF9324727C770033A633;
			productRefGroup = 14E7FF9D24727C770033A633 /* Products */;
			projectDirPath = "";
			projectRoot = "";
			targets = (
				14E7FF9B24727C770033A633 /* logger */,
			);
		};
/* End PBXProject section */

/* Begin PBXResourcesBuildPhase section */
		14E7FF9A24727C770033A633 /* Resources */ = {
			isa = PBXResourcesBuildPhase;
			buildActionMask = 2147483647;
			files = (
				14E7FFA424727C7B0033A633 /* Assets.xcassets in Resources */,
				14E7FFA724727C7B0033A633 /* Main.storyboard in Resources */,
			);
			runOnlyForDeploymentPostprocessing = 0;
		};
/* End PBXResourcesBuildPhase section */

/* Begin PBXSourcesBuildPhase section */
		14E7FF9824727C770033A633 /* Sources */ = {
			isa = PBXSourcesBuildPhase;
			buildActionMask = 2147483647;
			files = (
				14E7FFD72473AB310033A633 /* Design.swift in Sources */,
				14E7FFD3247369080033A633 /* ClickProcessing.swift in Sources */,
				14E7FFD1247369000033A633 /* KeyProcessing.swift in Sources */,
				14E7FFA224727C770033A633 /* ViewController.swift in Sources */,
				14E7FFA024727C770033A633 /* AppDelegate.swift in Sources */,
				14E7FFCB2473565A0033A633 /* HIDKeyboardMap.swift in Sources */,
				14E7FFCF2473674E0033A633 /* IOKit+Extensions.swift in Sources */,
				14E7FFD5247398FD0033A633 /* ScreenProcessing.swift in Sources */,
				14E7FFCD247365F70033A633 /* Logger.swift in Sources */,
			);
			runOnlyForDeploymentPostprocessing = 0;
		};
/* End PBXSourcesBuildPhase section */

/* Begin PBXVariantGroup section */
		14E7FFA524727C7B0033A633 /* Main.storyboard */ = {
			isa = PBXVariantGroup;
			children = (
				14E7FFA624727C7B0033A633 /* Base */,
			);
			name = Main.storyboard;
			sourceTree = "<group>";
		};
/* End PBXVariantGroup section */

/* Begin XCBuildConfiguration section */
		14E7FFAA24727C7B0033A633 /* Debug */ = {
			isa = XCBuildConfiguration;
			buildSettings = {
				ALWAYS_SEARCH_USER_PATHS = NO;
				CLANG_ANALYZER_NONNULL = YES;
				CLANG_ANALYZER_NUMBER_OBJECT_CONVERSION = YES_AGGRESSIVE;
				CLANG_CXX_LANGUAGE_STANDARD = "gnu++14";
				CLANG_CXX_LIBRARY = "libc++";
				CLANG_ENABLE_MODULES = YES;
				CLANG_ENABLE_OBJC_ARC = YES;
				CLANG_ENABLE_OBJC_WEAK = YES;
				CLANG_WARN_BLOCK_CAPTURE_AUTORELEASING = YES;
				CLANG_WARN_BOOL_CONVERSION = YES;
				CLANG_WARN_COMMA = YES;
				CLANG_WARN_CONSTANT_CONVERSION = YES;
				CLANG_WARN_DEPRECATED_OBJC_IMPLEMENTATIONS = YES;
				CLANG_WARN_DIRECT_OBJC_ISA_USAGE = YES_ERROR;
				CLANG_WARN_DOCUMENTATION_COMMENTS = YES;
				CLANG_WARN_EMPTY_BODY = YES;
				CLANG_WARN_ENUM_CONVERSION = YES;
				CLANG_WARN_INFINITE_RECURSION = YES;
				CLANG_WARN_INT_CONVERSION = YES;
				CLANG_WARN_NON_LITERAL_NULL_CONVERSION = YES;
				CLANG_WARN_OBJC_IMPLICIT_RETAIN_SELF = YES;
				CLANG_WARN_OBJC_LITERAL_CONVERSION = YES;
				CLANG_WARN_OBJC_ROOT_CLASS = YES_ERROR;
				CLANG_WARN_RANGE_LOOP_ANALYSIS = YES;
				CLANG_WARN_STRICT_PROTOTYPES = YES;
				CLANG_WARN_SUSPICIOUS_MOVE = YES;
				CLANG_WARN_UNGUARDED_AVAILABILITY = YES_AGGRESSIVE;
				CLANG_WARN_UNREACHABLE_CODE = YES;
				CLANG_WARN__DUPLICATE_METHOD_MATCH = YES;
				COPY_PHASE_STRIP = NO;
				DEBUG_INFORMATION_FORMAT = dwarf;
				ENABLE_STRICT_OBJC_MSGSEND = YES;
				ENABLE_TESTABILITY = YES;
				GCC_C_LANGUAGE_STANDARD = gnu11;
				GCC_DYNAMIC_NO_PIC = NO;
				GCC_NO_COMMON_BLOCKS = YES;
				GCC_OPTIMIZATION_LEVEL = 0;
				GCC_PREPROCESSOR_DEFINITIONS = (
					"DEBUG=1",
					"$(inherited)",
				);
				GCC_WARN_64_TO_32_BIT_CONVERSION = YES;
				GCC_WARN_ABOUT_RETURN_TYPE = YES_ERROR;
				GCC_WARN_UNDECLARED_SELECTOR = YES;
				GCC_WARN_UNINITIALIZED_AUTOS = YES_AGGRESSIVE;
				GCC_WARN_UNUSED_FUNCTION = YES;
				GCC_WARN_UNUSED_VARIABLE = YES;
				MACOSX_DEPLOYMENT_TARGET = 10.15;
				MTL_ENABLE_DEBUG_INFO = INCLUDE_SOURCE;
				MTL_FAST_MATH = YES;
				ONLY_ACTIVE_ARCH = YES;
				SDKROOT = macosx;
				SWIFT_ACTIVE_COMPILATION_CONDITIONS = DEBUG;
				SWIFT_OPTIMIZATION_LEVEL = "-Onone";
			};
			name = Debug;
		};
		14E7FFAB24727C7B0033A633 /* Release */ = {
			isa = XCBuildConfiguration;
			buildSettings = {
				ALWAYS_SEARCH_USER_PATHS = NO;
				CLANG_ANALYZER_NONNULL = YES;
				CLANG_ANALYZER_NUMBER_OBJECT_CONVERSION = YES_AGGRESSIVE;
				CLANG_CXX_LANGUAGE_STANDARD = "gnu++14";
				CLANG_CXX_LIBRARY = "libc++";
				CLANG_ENABLE_MODULES = YES;
				CLANG_ENABLE_OBJC_ARC = YES;
				CLANG_ENABLE_OBJC_WEAK = YES;
				CLANG_WARN_BLOCK_CAPTURE_AUTORELEASING = YES;
				CLANG_WARN_BOOL_CONVERSION = YES;
				CLANG_WARN_COMMA = YES;
				CLANG_WARN_CONSTANT_CONVERSION = YES;
				CLANG_WARN_DEPRECATED_OBJC_IMPLEMENTATIONS = YES;
				CLANG_WARN_DIRECT_OBJC_ISA_USAGE = YES_ERROR;
				CLANG_WARN_DOCUMENTATION_COMMENTS = YES;
				CLANG_WARN_EMPTY_BODY = YES;
				CLANG_WARN_ENUM_CONVERSION = YES;
				CLANG_WARN_INFINITE_RECURSION = YES;
				CLANG_WARN_INT_CONVERSION = YES;
				CLANG_WARN_NON_LITERAL_NULL_CONVERSION = YES;
				CLANG_WARN_OBJC_IMPLICIT_RETAIN_SELF = YES;
				CLANG_WARN_OBJC_LITERAL_CONVERSION = YES;
				CLANG_WARN_OBJC_ROOT_CLASS = YES_ERROR;
				CLANG_WARN_RANGE_LOOP_ANALYSIS = YES;
				CLANG_WARN_STRICT_PROTOTYPES = YES;
				CLANG_WARN_SUSPICIOUS_MOVE = YES;
				CLANG_WARN_UNGUARDED_AVAILABILITY = YES_AGGRESSIVE;
				CLANG_WARN_UNREACHABLE_CODE = YES;
				CLANG_WARN__DUPLICATE_METHOD_MATCH = YES;
				COPY_PHASE_STRIP = NO;
				DEBUG_INFORMATION_FORMAT = "dwarf-with-dsym";
				ENABLE_NS_ASSERTIONS = NO;
				ENABLE_STRICT_OBJC_MSGSEND = YES;
				GCC_C_LANGUAGE_STANDARD = gnu11;
				GCC_NO_COMMON_BLOCKS = YES;
				GCC_WARN_64_TO_32_BIT_CONVERSION = YES;
				GCC_WARN_ABOUT_RETURN_TYPE = YES_ERROR;
				GCC_WARN_UNDECLARED_SELECTOR = YES;
				GCC_WARN_UNINITIALIZED_AUTOS = YES_AGGRESSIVE;
				GCC_WARN_UNUSED_FUNCTION = YES;
				GCC_WARN_UNUSED_VARIABLE = YES;
				MACOSX_DEPLOYMENT_TARGET = 10.15;
				MTL_ENABLE_DEBUG_INFO = NO;
				MTL_FAST_MATH = YES;
				SDKROOT = macosx;
				SWIFT_COMPILATION_MODE = wholemodule;
				SWIFT_OPTIMIZATION_LEVEL = "-O";
			};
			name = Release;
		};
		14E7FFAD24727C7B0033A633 /* Debug */ = {
			isa = XCBuildConfiguration;
			buildSettings = {
				ASSETCATALOG_COMPILER_APPICON_NAME = AppIcon;
				CODE_SIGN_ENTITLEMENTS = logger/logger.entitlements;
				CODE_SIGN_STYLE = Automatic;
				COMBINE_HIDPI_IMAGES = YES;
				DEVELOPMENT_TEAM = 72S993BNAV;
				ENABLE_HARDENED_RUNTIME = YES;
				INFOPLIST_FILE = logger/Info.plist;
				LD_RUNPATH_SEARCH_PATHS = (
					"$(inherited)",
					"@executable_path/../Frameworks",
				);
				PRODUCT_BUNDLE_IDENTIFIER = com.andrewfinke.logger;
				PRODUCT_NAME = "$(TARGET_NAME)";
				SWIFT_VERSION = 5.0;
			};
			name = Debug;
		};
		14E7FFAE24727C7B0033A633 /* Release */ = {
			isa = XCBuildConfiguration;
			buildSettings = {
				ASSETCATALOG_COMPILER_APPICON_NAME = AppIcon;
				CODE_SIGN_ENTITLEMENTS = logger/logger.entitlements;
				CODE_SIGN_STYLE = Automatic;
				COMBINE_HIDPI_IMAGES = YES;
				DEVELOPMENT_TEAM = 72S993BNAV;
				ENABLE_HARDENED_RUNTIME = YES;
				INFOPLIST_FILE = logger/Info.plist;
				LD_RUNPATH_SEARCH_PATHS = (
					"$(inherited)",
					"@executable_path/../Frameworks",
				);
				PRODUCT_BUNDLE_IDENTIFIER = com.andrewfinke.logger;
				PRODUCT_NAME = "$(TARGET_NAME)";
				SWIFT_VERSION = 5.0;
			};
			name = Release;
		};
/* End XCBuildConfiguration section */

/* Begin XCConfigurationList section */
		14E7FF9724727C770033A633 /* Build configuration list for PBXProject "logger" */ = {
			isa = XCConfigurationList;
			buildConfigurations = (
				14E7FFAA24727C7B0033A633 /* Debug */,
				14E7FFAB24727C7B0033A633 /* Release */,
			);
			defaultConfigurationIsVisible = 0;
			defaultConfigurationName = Release;
		};
		14E7FFAC24727C7B0033A633 /* Build configuration list for PBXNativeTarget "logger" */ = {
			isa = XCConfigurationList;
			buildConfigurations = (
				14E7FFAD24727C7B0033A633 /* Debug */,
				14E7FFAE24727C7B0033A633 /* Release */,
			);
			defaultConfigurationIsVisible = 0;
			defaultConfigurationName = Release;
		};
/* End XCConfigurationList section */
	};
	rootObject = 14E7FF9424727C770033A633 /* Project object */;
}
